// !$*UTF8*$!
{
	archiveVersion = 1;
	classes = {
	};
	objectVersion = 56;
	objects = {

/* Begin PBXBuildFile section */
		84130A1729410094000517FB /* BaseClass.swift in Sources */ = {isa = PBXBuildFile; fileRef = 84130A1629410094000517FB /* BaseClass.swift */; };
		84130A1A294100C1000517FB /* SubClass.swift in Sources */ = {isa = PBXBuildFile; fileRef = 84130A19294100C1000517FB /* SubClass.swift */; };
		84130A1D294100EA000517FB /* Client.swift in Sources */ = {isa = PBXBuildFile; fileRef = 84130A1C294100EA000517FB /* Client.swift */; };
		84130A2129410196000517FB /* Author.swift in Sources */ = {isa = PBXBuildFile; fileRef = 84130A2029410196000517FB /* Author.swift */; };
		84130A24294101C4000517FB /* Page.swift in Sources */ = {isa = PBXBuildFile; fileRef = 84130A23294101C4000517FB /* Page.swift */; };
		84130A262941020D000517FB /* Comment.swift in Sources */ = {isa = PBXBuildFile; fileRef = 84130A252941020D000517FB /* Comment.swift */; };
		84130A28294102C7000517FB /* info.rtfd in Resources */ = {isa = PBXBuildFile; fileRef = 84130A27294102C7000517FB /* info.rtfd */; };
		84D9BA122940C0DA00CC27CF /* AppDelegate.swift in Sources */ = {isa = PBXBuildFile; fileRef = 84D9BA112940C0DA00CC27CF /* AppDelegate.swift */; };
		84D9BA192940C0DA00CC27CF /* Main.storyboard in Resources */ = {isa = PBXBuildFile; fileRef = 84D9BA172940C0DA00CC27CF /* Main.storyboard */; };
		84D9BA1B2940C0DE00CC27CF /* Assets.xcassets in Resources */ = {isa = PBXBuildFile; fileRef = 84D9BA1A2940C0DE00CC27CF /* Assets.xcassets */; };
		84D9BA1E2940C0DE00CC27CF /* LaunchScreen.storyboard in Resources */ = {isa = PBXBuildFile; fileRef = 84D9BA1C2940C0DE00CC27CF /* LaunchScreen.storyboard */; };
		84D9BA292940C0DE00CC27CF /* PrototypeTests.swift in Sources */ = {isa = PBXBuildFile; fileRef = 84D9BA282940C0DE00CC27CF /* PrototypeTests.swift */; };
		84D9BA332940C0DE00CC27CF /* PrototypeUITests.swift in Sources */ = {isa = PBXBuildFile; fileRef = 84D9BA322940C0DE00CC27CF /* PrototypeUITests.swift */; };
		84D9BA352940C0DE00CC27CF /* PrototypeUITestsLaunchTests.swift in Sources */ = {isa = PBXBuildFile; fileRef = 84D9BA342940C0DE00CC27CF /* PrototypeUITestsLaunchTests.swift */; };
		84D9BA472940C13400CC27CF /* PrototypeVC.swift in Sources */ = {isa = PBXBuildFile; fileRef = 84D9BA462940C13400CC27CF /* PrototypeVC.swift */; };
/* End PBXBuildFile section */

/* Begin PBXContainerItemProxy section */
		84D9BA252940C0DE00CC27CF /* PBXContainerItemProxy */ = {
			isa = PBXContainerItemProxy;
			containerPortal = 84D9BA062940C0DA00CC27CF /* Project object */;
			proxyType = 1;
			remoteGlobalIDString = 84D9BA0D2940C0DA00CC27CF;
			remoteInfo = Prototype;
		};
		84D9BA2F2940C0DE00CC27CF /* PBXContainerItemProxy */ = {
			isa = PBXContainerItemProxy;
			containerPortal = 84D9BA062940C0DA00CC27CF /* Project object */;
			proxyType = 1;
			remoteGlobalIDString = 84D9BA0D2940C0DA00CC27CF;
			remoteInfo = Prototype;
		};
/* End PBXContainerItemProxy section */

/* Begin PBXFileReference section */
		84130A1629410094000517FB /* BaseClass.swift */ = {isa = PBXFileReference; lastKnownFileType = sourcecode.swift; path = BaseClass.swift; sourceTree = "<group>"; };
		84130A19294100C1000517FB /* SubClass.swift */ = {isa = PBXFileReference; lastKnownFileType = sourcecode.swift; path = SubClass.swift; sourceTree = "<group>"; };
		84130A1C294100EA000517FB /* Client.swift */ = {isa = PBXFileReference; lastKnownFileType = sourcecode.swift; path = Client.swift; sourceTree = "<group>"; };
		84130A2029410196000517FB /* Author.swift */ = {isa = PBXFileReference; lastKnownFileType = sourcecode.swift; path = Author.swift; sourceTree = "<group>"; };
		84130A23294101C4000517FB /* Page.swift */ = {isa = PBXFileReference; lastKnownFileType = sourcecode.swift; path = Page.swift; sourceTree = "<group>"; };
		84130A252941020D000517FB /* Comment.swift */ = {isa = PBXFileReference; lastKnownFileType = sourcecode.swift; path = Comment.swift; sourceTree = "<group>"; };
		84130A27294102C7000517FB /* info.rtfd */ = {isa = PBXFileReference; lastKnownFileType = wrapper.rtfd; path = info.rtfd; sourceTree = "<group>"; };
		84D9BA0E2940C0DA00CC27CF /* Prototype.app */ = {isa = PBXFileReference; explicitFileType = wrapper.application; includeInIndex = 0; path = Prototype.app; sourceTree = BUILT_PRODUCTS_DIR; };
		84D9BA112940C0DA00CC27CF /* AppDelegate.swift */ = {isa = PBXFileReference; lastKnownFileType = sourcecode.swift; path = AppDelegate.swift; sourceTree = "<group>"; };
		84D9BA182940C0DA00CC27CF /* Base */ = {isa = PBXFileReference; lastKnownFileType = file.storyboard; name = Base; path = Base.lproj/Main.storyboard; sourceTree = "<group>"; };
		84D9BA1A2940C0DE00CC27CF /* Assets.xcassets */ = {isa = PBXFileReference; lastKnownFileType = folder.assetcatalog; path = Assets.xcassets; sourceTree = "<group>"; };
		84D9BA1D2940C0DE00CC27CF /* Base */ = {isa = PBXFileReference; lastKnownFileType = file.storyboard; name = Base; path = Base.lproj/LaunchScreen.storyboard; sourceTree = "<group>"; };
		84D9BA1F2940C0DE00CC27CF /* Info.plist */ = {isa = PBXFileReference; lastKnownFileType = text.plist.xml; path = Info.plist; sourceTree = "<group>"; };
		84D9BA242940C0DE00CC27CF /* PrototypeTests.xctest */ = {isa = PBXFileReference; explicitFileType = wrapper.cfbundle; includeInIndex = 0; path = PrototypeTests.xctest; sourceTree = BUILT_PRODUCTS_DIR; };
		84D9BA282940C0DE00CC27CF /* PrototypeTests.swift */ = {isa = PBXFileReference; lastKnownFileType = sourcecode.swift; path = PrototypeTests.swift; sourceTree = "<group>"; };
		84D9BA2E2940C0DE00CC27CF /* PrototypeUITests.xctest */ = {isa = PBXFileReference; explicitFileType = wrapper.cfbundle; includeInIndex = 0; path = PrototypeUITests.xctest; sourceTree = BUILT_PRODUCTS_DIR; };
		84D9BA322940C0DE00CC27CF /* PrototypeUITests.swift */ = {isa = PBXFileReference; lastKnownFileType = sourcecode.swift; path = PrototypeUITests.swift; sourceTree = "<group>"; };
		84D9BA342940C0DE00CC27CF /* PrototypeUITestsLaunchTests.swift */ = {isa = PBXFileReference; lastKnownFileType = sourcecode.swift; path = PrototypeUITestsLaunchTests.swift; sourceTree = "<group>"; };
		84D9BA462940C13400CC27CF /* PrototypeVC.swift */ = {isa = PBXFileReference; lastKnownFileType = sourcecode.swift; path = PrototypeVC.swift; sourceTree = "<group>"; };
/* End PBXFileReference section */

/* Begin PBXFrameworksBuildPhase section */
		84D9BA0B2940C0DA00CC27CF /* Frameworks */ = {
			isa = PBXFrameworksBuildPhase;
			buildActionMask = 2147483647;
			files = (
			);
			runOnlyForDeploymentPostprocessing = 0;
		};
		84D9BA212940C0DE00CC27CF /* Frameworks */ = {
			isa = PBXFrameworksBuildPhase;
			buildActionMask = 2147483647;
			files = (
			);
			runOnlyForDeploymentPostprocessing = 0;
		};
		84D9BA2B2940C0DE00CC27CF /* Frameworks */ = {
			isa = PBXFrameworksBuildPhase;
			buildActionMask = 2147483647;
			files = (
			);
			runOnlyForDeploymentPostprocessing = 0;
		};
/* End PBXFrameworksBuildPhase section */

/* Begin PBXGroup section */
		84130A1529410084000517FB /* Base */ = {
			isa = PBXGroup;
			children = (
				84130A1629410094000517FB /* BaseClass.swift */,
			);
			path = Base;
			sourceTree = "<group>";
		};
		84130A18294100B7000517FB /* Sub */ = {
			isa = PBXGroup;
			children = (
				84130A19294100C1000517FB /* SubClass.swift */,
			);
			path = Sub;
			sourceTree = "<group>";
		};
		84130A1B294100D3000517FB /* Client */ = {
			isa = PBXGroup;
			children = (
				84130A1C294100EA000517FB /* Client.swift */,
			);
			path = Client;
			sourceTree = "<group>";
		};
		84130A1E29410184000517FB /* Base */ = {
			isa = PBXGroup;
			children = (
				84130A23294101C4000517FB /* Page.swift */,
			);
			path = Base;
			sourceTree = "<group>";
		};
		84130A1F2941018A000517FB /* Structures */ = {
			isa = PBXGroup;
			children = (
				84130A252941020D000517FB /* Comment.swift */,
			);
			path = Structures;
			sourceTree = "<group>";
		};
		84130A22294101AC000517FB /* Client */ = {
			isa = PBXGroup;
			children = (
				84130A2029410196000517FB /* Author.swift */,
			);
			path = Client;
			sourceTree = "<group>";
		};
		84D9BA052940C0DA00CC27CF = {
			isa = PBXGroup;
			children = (
				84D9BA102940C0DA00CC27CF /* Prototype */,
				84D9BA272940C0DE00CC27CF /* PrototypeTests */,
				84D9BA312940C0DE00CC27CF /* PrototypeUITests */,
				84D9BA0F2940C0DA00CC27CF /* Products */,
			);
			sourceTree = "<group>";
		};
		84D9BA0F2940C0DA00CC27CF /* Products */ = {
			isa = PBXGroup;
			children = (
				84D9BA0E2940C0DA00CC27CF /* Prototype.app */,
				84D9BA242940C0DE00CC27CF /* PrototypeTests.xctest */,
				84D9BA2E2940C0DE00CC27CF /* PrototypeUITests.xctest */,
			);
			name = Products;
			sourceTree = "<group>";
		};
		84D9BA102940C0DA00CC27CF /* Prototype */ = {
			isa = PBXGroup;
			children = (
				84D9BA112940C0DA00CC27CF /* AppDelegate.swift */,
				84D9BA422940C0FF00CC27CF /* Example */,
				84D9BA412940C0F800CC27CF /* Concept */,
				84D9BA432940C10600CC27CF /* ViewController's */,
				84D9BA442940C10E00CC27CF /* Storyboards */,
				84D9BA1A2940C0DE00CC27CF /* Assets.xcassets */,
				84D9BA482940C17400CC27CF /* Info */,
				84D9BA1F2940C0DE00CC27CF /* Info.plist */,
			);
			path = Prototype;
			sourceTree = "<group>";
		};
		84D9BA272940C0DE00CC27CF /* PrototypeTests */ = {
			isa = PBXGroup;
			children = (
				84D9BA282940C0DE00CC27CF /* PrototypeTests.swift */,
			);
			path = PrototypeTests;
			sourceTree = "<group>";
		};
		84D9BA312940C0DE00CC27CF /* PrototypeUITests */ = {
			isa = PBXGroup;
			children = (
				84D9BA322940C0DE00CC27CF /* PrototypeUITests.swift */,
				84D9BA342940C0DE00CC27CF /* PrototypeUITestsLaunchTests.swift */,
			);
			path = PrototypeUITests;
			sourceTree = "<group>";
		};
		84D9BA412940C0F800CC27CF /* Concept */ = {
			isa = PBXGroup;
			children = (
				84130A1529410084000517FB /* Base */,
				84130A18294100B7000517FB /* Sub */,
				84130A1B294100D3000517FB /* Client */,
			);
			path = Concept;
			sourceTree = "<group>";
		};
		84D9BA422940C0FF00CC27CF /* Example */ = {
			isa = PBXGroup;
			children = (
				84130A1E29410184000517FB /* Base */,
				84130A22294101AC000517FB /* Client */,
				84130A1F2941018A000517FB /* Structures */,
			);
			path = Example;
			sourceTree = "<group>";
		};
		84D9BA432940C10600CC27CF /* ViewController's */ = {
			isa = PBXGroup;
			children = (
				84D9BA452940C12300CC27CF /* PrototypeVC */,
			);
			path = "ViewController's";
			sourceTree = "<group>";
		};
		84D9BA442940C10E00CC27CF /* Storyboards */ = {
			isa = PBXGroup;
			children = (
				84D9BA172940C0DA00CC27CF /* Main.storyboard */,
				84D9BA1C2940C0DE00CC27CF /* LaunchScreen.storyboard */,
			);
			path = Storyboards;
			sourceTree = "<group>";
		};
		84D9BA452940C12300CC27CF /* PrototypeVC */ = {
			isa = PBXGroup;
			children = (
				84D9BA462940C13400CC27CF /* PrototypeVC.swift */,
			);
			path = PrototypeVC;
			sourceTree = "<group>";
		};
		84D9BA482940C17400CC27CF /* Info */ = {
			isa = PBXGroup;
			children = (
				84130A27294102C7000517FB /* info.rtfd */,
			);
			path = Info;
			sourceTree = "<group>";
		};
/* End PBXGroup section */

/* Begin PBXNativeTarget section */
		84D9BA0D2940C0DA00CC27CF /* Prototype */ = {
			isa = PBXNativeTarget;
			buildConfigurationList = 84D9BA382940C0DE00CC27CF /* Build configuration list for PBXNativeTarget "Prototype" */;
			buildPhases = (
				84D9BA0A2940C0DA00CC27CF /* Sources */,
				84D9BA0B2940C0DA00CC27CF /* Frameworks */,
				84D9BA0C2940C0DA00CC27CF /* Resources */,
			);
			buildRules = (
			);
			dependencies = (
			);
			name = Prototype;
			productName = Prototype;
			productReference = 84D9BA0E2940C0DA00CC27CF /* Prototype.app */;
			productType = "com.apple.product-type.application";
		};
		84D9BA232940C0DE00CC27CF /* PrototypeTests */ = {
			isa = PBXNativeTarget;
			buildConfigurationList = 84D9BA3B2940C0DE00CC27CF /* Build configuration list for PBXNativeTarget "PrototypeTests" */;
			buildPhases = (
				84D9BA202940C0DE00CC27CF /* Sources */,
				84D9BA212940C0DE00CC27CF /* Frameworks */,
				84D9BA222940C0DE00CC27CF /* Resources */,
			);
			buildRules = (
			);
			dependencies = (
				84D9BA262940C0DE00CC27CF /* PBXTargetDependency */,
			);
			name = PrototypeTests;
			productName = PrototypeTests;
			productReference = 84D9BA242940C0DE00CC27CF /* PrototypeTests.xctest */;
			productType = "com.apple.product-type.bundle.unit-test";
		};
		84D9BA2D2940C0DE00CC27CF /* PrototypeUITests */ = {
			isa = PBXNativeTarget;
			buildConfigurationList = 84D9BA3E2940C0DE00CC27CF /* Build configuration list for PBXNativeTarget "PrototypeUITests" */;
			buildPhases = (
				84D9BA2A2940C0DE00CC27CF /* Sources */,
				84D9BA2B2940C0DE00CC27CF /* Frameworks */,
				84D9BA2C2940C0DE00CC27CF /* Resources */,
			);
			buildRules = (
			);
			dependencies = (
				84D9BA302940C0DE00CC27CF /* PBXTargetDependency */,
			);
			name = PrototypeUITests;
			productName = PrototypeUITests;
			productReference = 84D9BA2E2940C0DE00CC27CF /* PrototypeUITests.xctest */;
			productType = "com.apple.product-type.bundle.ui-testing";
		};
/* End PBXNativeTarget section */

/* Begin PBXProject section */
		84D9BA062940C0DA00CC27CF /* Project object */ = {
			isa = PBXProject;
			attributes = {
				BuildIndependentTargetsInParallel = 1;
				LastSwiftUpdateCheck = 1400;
				LastUpgradeCheck = 1400;
				TargetAttributes = {
					84D9BA0D2940C0DA00CC27CF = {
						CreatedOnToolsVersion = 14.0.1;
					};
					84D9BA232940C0DE00CC27CF = {
						CreatedOnToolsVersion = 14.0.1;
						TestTargetID = 84D9BA0D2940C0DA00CC27CF;
					};
					84D9BA2D2940C0DE00CC27CF = {
						CreatedOnToolsVersion = 14.0.1;
						TestTargetID = 84D9BA0D2940C0DA00CC27CF;
					};
				};
			};
			buildConfigurationList = 84D9BA092940C0DA00CC27CF /* Build configuration list for PBXProject "Prototype" */;
			compatibilityVersion = "Xcode 14.0";
			developmentRegion = en;
			hasScannedForEncodings = 0;
			knownRegions = (
				en,
				Base,
			);
			mainGroup = 84D9BA052940C0DA00CC27CF;
			productRefGroup = 84D9BA0F2940C0DA00CC27CF /* Products */;
			projectDirPath = "";
			projectRoot = "";
			targets = (
				84D9BA0D2940C0DA00CC27CF /* Prototype */,
				84D9BA232940C0DE00CC27CF /* PrototypeTests */,
				84D9BA2D2940C0DE00CC27CF /* PrototypeUITests */,
			);
		};
/* End PBXProject section */

/* Begin PBXResourcesBuildPhase section */
		84D9BA0C2940C0DA00CC27CF /* Resources */ = {
			isa = PBXResourcesBuildPhase;
			buildActionMask = 2147483647;
			files = (
				84D9BA1E2940C0DE00CC27CF /* LaunchScreen.storyboard in Resources */,
				84D9BA1B2940C0DE00CC27CF /* Assets.xcassets in Resources */,
				84130A28294102C7000517FB /* info.rtfd in Resources */,
				84D9BA192940C0DA00CC27CF /* Main.storyboard in Resources */,
			);
			runOnlyForDeploymentPostprocessing = 0;
		};
		84D9BA222940C0DE00CC27CF /* Resources */ = {
			isa = PBXResourcesBuildPhase;
			buildActionMask = 2147483647;
			files = (
			);
			runOnlyForDeploymentPostprocessing = 0;
		};
		84D9BA2C2940C0DE00CC27CF /* Resources */ = {
			isa = PBXResourcesBuildPhase;
			buildActionMask = 2147483647;
			files = (
			);
			runOnlyForDeploymentPostprocessing = 0;
		};
/* End PBXResourcesBuildPhase section */

/* Begin PBXSourcesBuildPhase section */
		84D9BA0A2940C0DA00CC27CF /* Sources */ = {
			isa = PBXSourcesBuildPhase;
			buildActionMask = 2147483647;
			files = (
				84130A2129410196000517FB /* Author.swift in Sources */,
				84D9BA122940C0DA00CC27CF /* AppDelegate.swift in Sources */,
				84130A1A294100C1000517FB /* SubClass.swift in Sources */,
				84130A262941020D000517FB /* Comment.swift in Sources */,
				84130A1729410094000517FB /* BaseClass.swift in Sources */,
				84130A24294101C4000517FB /* Page.swift in Sources */,
				84130A1D294100EA000517FB /* Client.swift in Sources */,
				84D9BA472940C13400CC27CF /* PrototypeVC.swift in Sources */,
			);
			runOnlyForDeploymentPostprocessing = 0;
		};
		84D9BA202940C0DE00CC27CF /* Sources */ = {
			isa = PBXSourcesBuildPhase;
			buildActionMask = 2147483647;
			files = (
				84D9BA292940C0DE00CC27CF /* PrototypeTests.swift in Sources */,
			);
			runOnlyForDeploymentPostprocessing = 0;
		};
		84D9BA2A2940C0DE00CC27CF /* Sources */ = {
			isa = PBXSourcesBuildPhase;
			buildActionMask = 2147483647;
			files = (
				84D9BA332940C0DE00CC27CF /* PrototypeUITests.swift in Sources */,
				84D9BA352940C0DE00CC27CF /* PrototypeUITestsLaunchTests.swift in Sources */,
			);
			runOnlyForDeploymentPostprocessing = 0;
		};
/* End PBXSourcesBuildPhase section */

/* Begin PBXTargetDependency section */
		84D9BA262940C0DE00CC27CF /* PBXTargetDependency */ = {
			isa = PBXTargetDependency;
			target = 84D9BA0D2940C0DA00CC27CF /* Prototype */;
			targetProxy = 84D9BA252940C0DE00CC27CF /* PBXContainerItemProxy */;
		};
		84D9BA302940C0DE00CC27CF /* PBXTargetDependency */ = {
			isa = PBXTargetDependency;
			target = 84D9BA0D2940C0DA00CC27CF /* Prototype */;
			targetProxy = 84D9BA2F2940C0DE00CC27CF /* PBXContainerItemProxy */;
		};
/* End PBXTargetDependency section */

/* Begin PBXVariantGroup section */
		84D9BA172940C0DA00CC27CF /* Main.storyboard */ = {
			isa = PBXVariantGroup;
			children = (
				84D9BA182940C0DA00CC27CF /* Base */,
			);
			name = Main.storyboard;
			sourceTree = "<group>";
		};
		84D9BA1C2940C0DE00CC27CF /* LaunchScreen.storyboard */ = {
			isa = PBXVariantGroup;
			children = (
				84D9BA1D2940C0DE00CC27CF /* Base */,
			);
			name = LaunchScreen.storyboard;
			sourceTree = "<group>";
		};
/* End PBXVariantGroup section */

/* Begin XCBuildConfiguration section */
		84D9BA362940C0DE00CC27CF /* Debug */ = {
			isa = XCBuildConfiguration;
			buildSettings = {
				ALWAYS_SEARCH_USER_PATHS = NO;
				CLANG_ANALYZER_NONNULL = YES;
				CLANG_ANALYZER_NUMBER_OBJECT_CONVERSION = YES_AGGRESSIVE;
				CLANG_CXX_LANGUAGE_STANDARD = "gnu++20";
				CLANG_ENABLE_MODULES = YES;
				CLANG_ENABLE_OBJC_ARC = YES;
				CLANG_ENABLE_OBJC_WEAK = YES;
				CLANG_WARN_BLOCK_CAPTURE_AUTORELEASING = YES;
				CLANG_WARN_BOOL_CONVERSION = YES;
				CLANG_WARN_COMMA = YES;
				CLANG_WARN_CONSTANT_CONVERSION = YES;
				CLANG_WARN_DEPRECATED_OBJC_IMPLEMENTATIONS = YES;
				CLANG_WARN_DIRECT_OBJC_ISA_USAGE = YES_ERROR;
				CLANG_WARN_DOCUMENTATION_COMMENTS = YES;
				CLANG_WARN_EMPTY_BODY = YES;
				CLANG_WARN_ENUM_CONVERSION = YES;
				CLANG_WARN_INFINITE_RECURSION = YES;
				CLANG_WARN_INT_CONVERSION = YES;
				CLANG_WARN_NON_LITERAL_NULL_CONVERSION = YES;
				CLANG_WARN_OBJC_IMPLICIT_RETAIN_SELF = YES;
				CLANG_WARN_OBJC_LITERAL_CONVERSION = YES;
				CLANG_WARN_OBJC_ROOT_CLASS = YES_ERROR;
				CLANG_WARN_QUOTED_INCLUDE_IN_FRAMEWORK_HEADER = YES;
				CLANG_WARN_RANGE_LOOP_ANALYSIS = YES;
				CLANG_WARN_STRICT_PROTOTYPES = YES;
				CLANG_WARN_SUSPICIOUS_MOVE = YES;
				CLANG_WARN_UNGUARDED_AVAILABILITY = YES_AGGRESSIVE;
				CLANG_WARN_UNREACHABLE_CODE = YES;
				CLANG_WARN__DUPLICATE_METHOD_MATCH = YES;
				COPY_PHASE_STRIP = NO;
				DEBUG_INFORMATION_FORMAT = dwarf;
				ENABLE_STRICT_OBJC_MSGSEND = YES;
				ENABLE_TESTABILITY = YES;
				GCC_C_LANGUAGE_STANDARD = gnu11;
				GCC_DYNAMIC_NO_PIC = NO;
				GCC_NO_COMMON_BLOCKS = YES;
				GCC_OPTIMIZATION_LEVEL = 0;
				GCC_PREPROCESSOR_DEFINITIONS = (
					"DEBUG=1",
					"$(inherited)",
				);
				GCC_WARN_64_TO_32_BIT_CONVERSION = YES;
				GCC_WARN_ABOUT_RETURN_TYPE = YES_ERROR;
				GCC_WARN_UNDECLARED_SELECTOR = YES;
				GCC_WARN_UNINITIALIZED_AUTOS = YES_AGGRESSIVE;
				GCC_WARN_UNUSED_FUNCTION = YES;
				GCC_WARN_UNUSED_VARIABLE = YES;
				IPHONEOS_DEPLOYMENT_TARGET = 16.0;
				MTL_ENABLE_DEBUG_INFO = INCLUDE_SOURCE;
				MTL_FAST_MATH = YES;
				ONLY_ACTIVE_ARCH = YES;
				SDKROOT = iphoneos;
				SWIFT_ACTIVE_COMPILATION_CONDITIONS = DEBUG;
				SWIFT_OPTIMIZATION_LEVEL = "-Onone";
			};
			name = Debug;
		};
		84D9BA372940C0DE00CC27CF /* Release */ = {
			isa = XCBuildConfiguration;
			buildSettings = {
				ALWAYS_SEARCH_USER_PATHS = NO;
				CLANG_ANALYZER_NONNULL = YES;
				CLANG_ANALYZER_NUMBER_OBJECT_CONVERSION = YES_AGGRESSIVE;
				CLANG_CXX_LANGUAGE_STANDARD = "gnu++20";
				CLANG_ENABLE_MODULES = YES;
				CLANG_ENABLE_OBJC_ARC = YES;
				CLANG_ENABLE_OBJC_WEAK = YES;
				CLANG_WARN_BLOCK_CAPTURE_AUTORELEASING = YES;
				CLANG_WARN_BOOL_CONVERSION = YES;
				CLANG_WARN_COMMA = YES;
				CLANG_WARN_CONSTANT_CONVERSION = YES;
				CLANG_WARN_DEPRECATED_OBJC_IMPLEMENTATIONS = YES;
				CLANG_WARN_DIRECT_OBJC_ISA_USAGE = YES_ERROR;
				CLANG_WARN_DOCUMENTATION_COMMENTS = YES;
				CLANG_WARN_EMPTY_BODY = YES;
				CLANG_WARN_ENUM_CONVERSION = YES;
				CLANG_WARN_INFINITE_RECURSION = YES;
				CLANG_WARN_INT_CONVERSION = YES;
				CLANG_WARN_NON_LITERAL_NULL_CONVERSION = YES;
				CLANG_WARN_OBJC_IMPLICIT_RETAIN_SELF = YES;
				CLANG_WARN_OBJC_LITERAL_CONVERSION = YES;
				CLANG_WARN_OBJC_ROOT_CLASS = YES_ERROR;
				CLANG_WARN_QUOTED_INCLUDE_IN_FRAMEWORK_HEADER = YES;
				CLANG_WARN_RANGE_LOOP_ANALYSIS = YES;
				CLANG_WARN_STRICT_PROTOTYPES = YES;
				CLANG_WARN_SUSPICIOUS_MOVE = YES;
				CLANG_WARN_UNGUARDED_AVAILABILITY = YES_AGGRESSIVE;
				CLANG_WARN_UNREACHABLE_CODE = YES;
				CLANG_WARN__DUPLICATE_METHOD_MATCH = YES;
				COPY_PHASE_STRIP = NO;
				DEBUG_INFORMATION_FORMAT = "dwarf-with-dsym";
				ENABLE_NS_ASSERTIONS = NO;
				ENABLE_STRICT_OBJC_MSGSEND = YES;
				GCC_C_LANGUAGE_STANDARD = gnu11;
				GCC_NO_COMMON_BLOCKS = YES;
				GCC_WARN_64_TO_32_BIT_CONVERSION = YES;
				GCC_WARN_ABOUT_RETURN_TYPE = YES_ERROR;
				GCC_WARN_UNDECLARED_SELECTOR = YES;
				GCC_WARN_UNINITIALIZED_AUTOS = YES_AGGRESSIVE;
				GCC_WARN_UNUSED_FUNCTION = YES;
				GCC_WARN_UNUSED_VARIABLE = YES;
				IPHONEOS_DEPLOYMENT_TARGET = 16.0;
				MTL_ENABLE_DEBUG_INFO = NO;
				MTL_FAST_MATH = YES;
				SDKROOT = iphoneos;
				SWIFT_COMPILATION_MODE = wholemodule;
				SWIFT_OPTIMIZATION_LEVEL = "-O";
				VALIDATE_PRODUCT = YES;
			};
			name = Release;
		};
		84D9BA392940C0DE00CC27CF /* Debug */ = {
			isa = XCBuildConfiguration;
			buildSettings = {
				ASSETCATALOG_COMPILER_APPICON_NAME = AppIcon;
				ASSETCATALOG_COMPILER_GLOBAL_ACCENT_COLOR_NAME = AccentColor;
				CODE_SIGN_STYLE = Automatic;
				CURRENT_PROJECT_VERSION = 1;
				DEVELOPMENT_TEAM = N4M3759P9C;
				GENERATE_INFOPLIST_FILE = YES;
				INFOPLIST_FILE = Prototype/Info.plist;
				INFOPLIST_KEY_UIApplicationSupportsIndirectInputEvents = YES;
				INFOPLIST_KEY_UILaunchStoryboardName = LaunchScreen;
				INFOPLIST_KEY_UIMainStoryboardFile = Main;
				INFOPLIST_KEY_UISupportedInterfaceOrientations = UIInterfaceOrientationPortrait;
				LD_RUNPATH_SEARCH_PATHS = (
					"$(inherited)",
					"@executable_path/Frameworks",
				);
				MARKETING_VERSION = 1.0;
				PRODUCT_BUNDLE_IDENTIFIER = com.Prototype;
				PRODUCT_NAME = "$(TARGET_NAME)";
				SUPPORTED_PLATFORMS = "iphoneos iphonesimulator";
				SUPPORTS_MACCATALYST = NO;
				SUPPORTS_MAC_DESIGNED_FOR_IPHONE_IPAD = NO;
				SWIFT_EMIT_LOC_STRINGS = YES;
				SWIFT_VERSION = 5.0;
				TARGETED_DEVICE_FAMILY = 1;
			};
			name = Debug;
		};
		84D9BA3A2940C0DE00CC27CF /* Release */ = {
			isa = XCBuildConfiguration;
			buildSettings = {
				ASSETCATALOG_COMPILER_APPICON_NAME = AppIcon;
				ASSETCATALOG_COMPILER_GLOBAL_ACCENT_COLOR_NAME = AccentColor;
				CODE_SIGN_STYLE = Automatic;
				CURRENT_PROJECT_VERSION = 1;
				DEVELOPMENT_TEAM = N4M3759P9C;
				GENERATE_INFOPLIST_FILE = YES;
				INFOPLIST_FILE = Prototype/Info.plist;
				INFOPLIST_KEY_UIApplicationSupportsIndirectInputEvents = YES;
				INFOPLIST_KEY_UILaunchStoryboardName = LaunchScreen;
				INFOPLIST_KEY_UIMainStoryboardFile = Main;
				INFOPLIST_KEY_UISupportedInterfaceOrientations = UIInterfaceOrientationPortrait;
				LD_RUNPATH_SEARCH_PATHS = (
					"$(inherited)",
					"@executable_path/Frameworks",
				);
				MARKETING_VERSION = 1.0;
				PRODUCT_BUNDLE_IDENTIFIER = com.Prototype;
				PRODUCT_NAME = "$(TARGET_NAME)";
				SUPPORTED_PLATFORMS = "iphoneos iphonesimulator";
				SUPPORTS_MACCATALYST = NO;
				SUPPORTS_MAC_DESIGNED_FOR_IPHONE_IPAD = NO;
				SWIFT_EMIT_LOC_STRINGS = YES;
				SWIFT_VERSION = 5.0;
				TARGETED_DEVICE_FAMILY = 1;
			};
			name = Release;
		};
		84D9BA3C2940C0DE00CC27CF /* Debug */ = {
			isa = XCBuildConfiguration;
			buildSettings = {
				ALWAYS_EMBED_SWIFT_STANDARD_LIBRARIES = YES;
				BUNDLE_LOADER = "$(TEST_HOST)";
				CODE_SIGN_STYLE = Automatic;
				CURRENT_PROJECT_VERSION = 1;
				DEVELOPMENT_TEAM = N4M3759P9C;
				GENERATE_INFOPLIST_FILE = YES;
				IPHONEOS_DEPLOYMENT_TARGET = 16.0;
				MARKETING_VERSION = 1.0;
				PRODUCT_BUNDLE_IDENTIFIER = com.PrototypeTests;
				PRODUCT_NAME = "$(TARGET_NAME)";
				SWIFT_EMIT_LOC_STRINGS = NO;
				SWIFT_VERSION = 5.0;
				TARGETED_DEVICE_FAMILY = "1,2";
				TEST_HOST = "$(BUILT_PRODUCTS_DIR)/Prototype.app/$(BUNDLE_EXECUTABLE_FOLDER_PATH)/Prototype";
			};
			name = Debug;
		};
		84D9BA3D2940C0DE00CC27CF /* Release */ = {
			isa = XCBuildConfiguration;
			buildSettings = {
				ALWAYS_EMBED_SWIFT_STANDARD_LIBRARIES = YES;
				BUNDLE_LOADER = "$(TEST_HOST)";
				CODE_SIGN_STYLE = Automatic;
				CURRENT_PROJECT_VERSION = 1;
				DEVELOPMENT_TEAM = N4M3759P9C;
				GENERATE_INFOPLIST_FILE = YES;
				IPHONEOS_DEPLOYMENT_TARGET = 16.0;
				MARKETING_VERSION = 1.0;
				PRODUCT_BUNDLE_IDENTIFIER = com.PrototypeTests;
				PRODUCT_NAME = "$(TARGET_NAME)";
				SWIFT_EMIT_LOC_STRINGS = NO;
				SWIFT_VERSION = 5.0;
				TARGETED_DEVICE_FAMILY = "1,2";
				TEST_HOST = "$(BUILT_PRODUCTS_DIR)/Prototype.app/$(BUNDLE_EXECUTABLE_FOLDER_PATH)/Prototype";
			};
			name = Release;
		};
		84D9BA3F2940C0DE00CC27CF /* Debug */ = {
			isa = XCBuildConfiguration;
			buildSettings = {
				ALWAYS_EMBED_SWIFT_STANDARD_LIBRARIES = YES;
				CODE_SIGN_STYLE = Automatic;
				CURRENT_PROJECT_VERSION = 1;
				DEVELOPMENT_TEAM = N4M3759P9C;
				GENERATE_INFOPLIST_FILE = YES;
				MARKETING_VERSION = 1.0;
				PRODUCT_BUNDLE_IDENTIFIER = com.PrototypeUITests;
				PRODUCT_NAME = "$(TARGET_NAME)";
				SWIFT_EMIT_LOC_STRINGS = NO;
				SWIFT_VERSION = 5.0;
				TARGETED_DEVICE_FAMILY = "1,2";
				TEST_TARGET_NAME = Prototype;
			};
			name = Debug;
		};
		84D9BA402940C0DE00CC27CF /* Release */ = {
			isa = XCBuildConfiguration;
			buildSettings = {
				ALWAYS_EMBED_SWIFT_STANDARD_LIBRARIES = YES;
				CODE_SIGN_STYLE = Automatic;
				CURRENT_PROJECT_VERSION = 1;
				DEVELOPMENT_TEAM = N4M3759P9C;
				GENERATE_INFOPLIST_FILE = YES;
				MARKETING_VERSION = 1.0;
				PRODUCT_BUNDLE_IDENTIFIER = com.PrototypeUITests;
				PRODUCT_NAME = "$(TARGET_NAME)";
				SWIFT_EMIT_LOC_STRINGS = NO;
				SWIFT_VERSION = 5.0;
				TARGETED_DEVICE_FAMILY = "1,2";
				TEST_TARGET_NAME = Prototype;
			};
			name = Release;
		};
/* End XCBuildConfiguration section */

/* Begin XCConfigurationList section */
		84D9BA092940C0DA00CC27CF /* Build configuration list for PBXProject "Prototype" */ = {
			isa = XCConfigurationList;
			buildConfigurations = (
				84D9BA362940C0DE00CC27CF /* Debug */,
				84D9BA372940C0DE00CC27CF /* Release */,
			);
			defaultConfigurationIsVisible = 0;
			defaultConfigurationName = Release;
		};
		84D9BA382940C0DE00CC27CF /* Build configuration list for PBXNativeTarget "Prototype" */ = {
			isa = XCConfigurationList;
			buildConfigurations = (
				84D9BA392940C0DE00CC27CF /* Debug */,
				84D9BA3A2940C0DE00CC27CF /* Release */,
			);
			defaultConfigurationIsVisible = 0;
			defaultConfigurationName = Release;
		};
		84D9BA3B2940C0DE00CC27CF /* Build configuration list for PBXNativeTarget "PrototypeTests" */ = {
			isa = XCConfigurationList;
			buildConfigurations = (
				84D9BA3C2940C0DE00CC27CF /* Debug */,
				84D9BA3D2940C0DE00CC27CF /* Release */,
			);
			defaultConfigurationIsVisible = 0;
			defaultConfigurationName = Release;
		};
		84D9BA3E2940C0DE00CC27CF /* Build configuration list for PBXNativeTarget "PrototypeUITests" */ = {
			isa = XCConfigurationList;
			buildConfigurations = (
				84D9BA3F2940C0DE00CC27CF /* Debug */,
				84D9BA402940C0DE00CC27CF /* Release */,
			);
			defaultConfigurationIsVisible = 0;
			defaultConfigurationName = Release;
		};
/* End XCConfigurationList section */
	};
	rootObject = 84D9BA062940C0DA00CC27CF /* Project object */;
}
